
Microsoft Visual Studio Solution File, Format Version 12.00
# Visual Studio 15
VisualStudioVersion = 15.0.35826.109
MinimumVisualStudioVersion = 10.0.40219.1
Project("{8BC9CEB8-8B4A-11D0-8D11-00A0C91BC942}") = "opencv480", "opencv480\opencv480.vcxproj", "{58DFF6FC-615E-4CD2-B182-8F1CB43A49FA}"
EndProject
Project("{8BC9CEB8-8B4A-11D0-8D11-00A0C91BC942}") = "face_detector", "face_detector\face_detector.vcxproj", "{91D67826-35C4-4558-A2CE-2EDD2A86D01B}"
EndProject
Project("{8BC9CEB8-8B4A-11D0-8D11-00A0C91BC942}") = "opencv480_test", "opencv480_test\opencv480_test.vcxproj", "{33262B21-5634-43FA-9735-BDDCEAADDC06}"
EndProject
Project("{8BC9CEB8-8B4A-11D0-8D11-00A0C91BC942}") = "opencv480_20", "opencv480_20\opencv480_20.vcxproj", "{76A38A5D-ED27-4AB3-B6F5-14868E007D96}"
EndProject
Project("{8BC9CEB8-8B4A-11D0-8D11-00A0C91BC942}") = "yolov5pro", "yolov5pro\yolov5pro.vcxproj", "{262E732A-48B8-4B59-894B-C243A9632609}"
EndProject
Project("{8BC9CEB8-8B4A-11D0-8D11-00A0C91BC942}") = "opencv480_imagePro", "opencv480_imagePro\opencv480_imagePro.vcxproj", "{53665AB5-4E8B-4685-9BC2-FCF499B274AB}"
EndProject
Project("{8BC9CEB8-8B4A-11D0-8D11-00A0C91BC942}") = "opencv480case", "opencv480case\opencv480case.vcxproj", "{3C8904B9-4FC2-4413-B1C6-D91173B94D41}"
EndProject
Global
	GlobalSection(SolutionConfigurationPlatforms) = preSolution
		Debug|x64 = Debug|x64
		Debug|x86 = Debug|x86
		Release|x64 = Release|x64
		Release|x86 = Release|x86
	EndGlobalSection
	GlobalSection(ProjectConfigurationPlatforms) = postSolution
		{58DFF6FC-615E-4CD2-B182-8F1CB43A49FA}.Debug|x64.ActiveCfg = Debug|x64
		{58DFF6FC-615E-4CD2-B182-8F1CB43A49FA}.Debug|x64.Build.0 = Debug|x64
		{58DFF6FC-615E-4CD2-B182-8F1CB43A49FA}.Debug|x86.ActiveCfg = Debug|Win32
		{58DFF6FC-615E-4CD2-B182-8F1CB43A49FA}.Debug|x86.Build.0 = Debug|Win32
		{58DFF6FC-615E-4CD2-B182-8F1CB43A49FA}.Release|x64.ActiveCfg = Release|x64
		{58DFF6FC-615E-4CD2-B182-8F1CB43A49FA}.Release|x64.Build.0 = Release|x64
		{58DFF6FC-615E-4CD2-B182-8F1CB43A49FA}.Release|x86.ActiveCfg = Release|Win32
		{58DFF6FC-615E-4CD2-B182-8F1CB43A49FA}.Release|x86.Build.0 = Release|Win32
		{91D67826-35C4-4558-A2CE-2EDD2A86D01B}.Debug|x64.ActiveCfg = Debug|x64
		{91D67826-35C4-4558-A2CE-2EDD2A86D01B}.Debug|x64.Build.0 = Debug|x64
		{91D67826-35C4-4558-A2CE-2EDD2A86D01B}.Debug|x86.ActiveCfg = Debug|Win32
		{91D67826-35C4-4558-A2CE-2EDD2A86D01B}.Debug|x86.Build.0 = Debug|Win32
		{91D67826-35C4-4558-A2CE-2EDD2A86D01B}.Release|x64.ActiveCfg = Release|x64
		{91D67826-35C4-4558-A2CE-2EDD2A86D01B}.Release|x64.Build.0 = Release|x64
		{91D67826-35C4-4558-A2CE-2EDD2A86D01B}.Release|x86.ActiveCfg = Release|Win32
		{91D67826-35C4-4558-A2CE-2EDD2A86D01B}.Release|x86.Build.0 = Release|Win32
		{33262B21-5634-43FA-9735-BDDCEAADDC06}.Debug|x64.ActiveCfg = Debug|x64
		{33262B21-5634-43FA-9735-BDDCEAADDC06}.Debug|x64.Build.0 = Debug|x64
		{33262B21-5634-43FA-9735-BDDCEAADDC06}.Debug|x86.ActiveCfg = Debug|Win32
		{33262B21-5634-43FA-9735-BDDCEAADDC06}.Debug|x86.Build.0 = Debug|Win32
		{33262B21-5634-43FA-9735-BDDCEAADDC06}.Release|x64.ActiveCfg = Release|x64
		{33262B21-5634-43FA-9735-BDDCEAADDC06}.Release|x64.Build.0 = Release|x64
		{33262B21-5634-43FA-9735-BDDCEAADDC06}.Release|x86.ActiveCfg = Release|Win32
		{33262B21-5634-43FA-9735-BDDCEAADDC06}.Release|x86.Build.0 = Release|Win32
		{76A38A5D-ED27-4AB3-B6F5-14868E007D96}.Debug|x64.ActiveCfg = Debug|x64
		{76A38A5D-ED27-4AB3-B6F5-14868E007D96}.Debug|x64.Build.0 = Debug|x64
		{76A38A5D-ED27-4AB3-B6F5-14868E007D96}.Debug|x86.ActiveCfg = Debug|Win32
		{76A38A5D-ED27-4AB3-B6F5-14868E007D96}.Debug|x86.Build.0 = Debug|Win32
		{76A38A5D-ED27-4AB3-B6F5-14868E007D96}.Release|x64.ActiveCfg = Release|x64
		{76A38A5D-ED27-4AB3-B6F5-14868E007D96}.Release|x64.Build.0 = Release|x64
		{76A38A5D-ED27-4AB3-B6F5-14868E007D96}.Release|x86.ActiveCfg = Release|Win32
		{76A38A5D-ED27-4AB3-B6F5-14868E007D96}.Release|x86.Build.0 = Release|Win32
		{262E732A-48B8-4B59-894B-C243A9632609}.Debug|x64.ActiveCfg = Debug|x64
		{262E732A-48B8-4B59-894B-C243A9632609}.Debug|x64.Build.0 = Debug|x64
		{262E732A-48B8-4B59-894B-C243A9632609}.Debug|x86.ActiveCfg = Debug|Win32
		{262E732A-48B8-4B59-894B-C243A9632609}.Debug|x86.Build.0 = Debug|Win32
		{262E732A-48B8-4B59-894B-C243A9632609}.Release|x64.ActiveCfg = Release|x64
		{262E732A-48B8-4B59-894B-C243A9632609}.Release|x64.Build.0 = Release|x64
		{262E732A-48B8-4B59-894B-C243A9632609}.Release|x86.ActiveCfg = Release|Win32
		{262E732A-48B8-4B59-894B-C243A9632609}.Release|x86.Build.0 = Release|Win32
		{53665AB5-4E8B-4685-9BC2-FCF499B274AB}.Debug|x64.ActiveCfg = Debug|x64
		{53665AB5-4E8B-4685-9BC2-FCF499B274AB}.Debug|x64.Build.0 = Debug|x64
		{53665AB5-4E8B-4685-9BC2-FCF499B274AB}.Debug|x86.ActiveCfg = Debug|Win32
		{53665AB5-4E8B-4685-9BC2-FCF499B274AB}.Debug|x86.Build.0 = Debug|Win32
		{53665AB5-4E8B-4685-9BC2-FCF499B274AB}.Release|x64.ActiveCfg = Release|x64
		{53665AB5-4E8B-4685-9BC2-FCF499B274AB}.Release|x64.Build.0 = Release|x64
		{53665AB5-4E8B-4685-9BC2-FCF499B274AB}.Release|x86.ActiveCfg = Release|Win32
		{53665AB5-4E8B-4685-9BC2-FCF499B274AB}.Release|x86.Build.0 = Release|Win32
		{3C8904B9-4FC2-4413-B1C6-D91173B94D41}.Debug|x64.ActiveCfg = Debug|x64
		{3C8904B9-4FC2-4413-B1C6-D91173B94D41}.Debug|x64.Build.0 = Debug|x64
		{3C8904B9-4FC2-4413-B1C6-D91173B94D41}.Debug|x86.ActiveCfg = Debug|Win32
		{3C8904B9-4FC2-4413-B1C6-D91173B94D41}.Debug|x86.Build.0 = Debug|Win32
		{3C8904B9-4FC2-4413-B1C6-D91173B94D41}.Release|x64.ActiveCfg = Release|x64
		{3C8904B9-4FC2-4413-B1C6-D91173B94D41}.Release|x64.Build.0 = Release|x64
		{3C8904B9-4FC2-4413-B1C6-D91173B94D41}.Release|x86.ActiveCfg = Release|Win32
		{3C8904B9-4FC2-4413-B1C6-D91173B94D41}.Release|x86.Build.0 = Release|Win32
	EndGlobalSection
	GlobalSection(SolutionProperties) = preSolution
		HideSolutionNode = FALSE
	EndGlobalSection
	GlobalSection(ExtensibilityGlobals) = postSolution
		SolutionGuid = {C9C42BBC-4F1C-4DF0-A1CD-26F33C5DF94A}
	EndGlobalSection
EndGlobal
